PODS:
  - FDFullscreenPopGesture (1.1)
  - MJRefresh (3.7.5)

DEPENDENCIES:
  - FDFullscreenPopGesture
  - MJRefresh

SPEC REPOS:
  trunk:
    - FDFullscreenPopGesture
    - MJRefresh

SPEC CHECKSUMS:
  FDFullscreenPopGesture: a8a620179e3d9c40e8e00256dcee1c1a27c6d0f0
  MJRefresh: fdf5e979eb406a0341468932d1dfc8b7f9fce961

PODFILE CHECKSUM: 75ededd7a4600ebfa3592d6c59e7c7a0c0a46efc

COCOAPODS: 1.11.3
